// !$*UTF8*$!
{
	archiveVersion = 1;
	classes = {
	};
	objectVersion = 77;
	objects = {

/* Begin PBXBuildFile section */
		6B1509FF2E2A17E70091BF50 /* Assets.xcassets in Resources */ = {isa = PBXBuildFile; fileRef = 6B1509F92E2A17E70091BF50 /* Assets.xcassets */; };
		6B150A002E2A17E70091BF50 /* Main.storyboard in Resources */ = {isa = PBXBuildFile; fileRef = 6B1509FC2E2A17E70091BF50 /* Main.storyboard */; };
		6B150A012E2A17E70091BF50 /* AppDelegate.swift in Sources */ = {isa = PBXBuildFile; fileRef = 6B1509F82E2A17E70091BF50 /* AppDelegate.swift */; };
		6B150A022E2A17E70091BF50 /* ViewController.swift in Sources */ = {isa = PBXBuildFile; fileRef = 6B1509FD2E2A17E70091BF50 /* ViewController.swift */; };
		6B150A162E2A17F40091BF50 /* LCPermissionManager.bundle in Resources */ = {isa = PBXBuildFile; fileRef = 6B150A032E2A17F40091BF50 /* LCPermissionManager.bundle */; };
		6B150A172E2A17F40091BF50 /* LCPermissionManager.strings in Resources */ = {isa = PBXBuildFile; fileRef = 6B150A0D2E2A17F40091BF50 /* LCPermissionManager.strings */; };
		6B150A182E2A17F40091BF50 /* LCPermissionModel.swift in Sources */ = {isa = PBXBuildFile; fileRef = 6B150A112E2A17F40091BF50 /* LCPermissionModel.swift */; };
		6B150A192E2A17F40091BF50 /* LCPermissionItem.swift in Sources */ = {isa = PBXBuildFile; fileRef = 6B150A0F2E2A17F40091BF50 /* LCPermissionItem.swift */; };
		6B150A1A2E2A17F40091BF50 /* LCPermissionWindowController.swift in Sources */ = {isa = PBXBuildFile; fileRef = 6B150A132E2A17F40091BF50 /* LCPermissionWindowController.swift */; };
		6B150A1B2E2A17F40091BF50 /* LCPermissionViewController.swift in Sources */ = {isa = PBXBuildFile; fileRef = 6B150A122E2A17F40091BF50 /* LCPermissionViewController.swift */; };
		6B150A1C2E2A17F40091BF50 /* LCPermissionManager.swift in Sources */ = {isa = PBXBuildFile; fileRef = 6B150A102E2A17F40091BF50 /* LCPermissionManager.swift */; };
/* End PBXBuildFile section */

/* Begin PBXFileReference section */
		6B1509C22E2A17890091BF50 /* LCPermissionManagerDemo.app */ = {isa = PBXFileReference; explicitFileType = wrapper.application; includeInIndex = 0; path = LCPermissionManagerDemo.app; sourceTree = BUILT_PRODUCTS_DIR; };
		6B1509F82E2A17E70091BF50 /* AppDelegate.swift */ = {isa = PBXFileReference; lastKnownFileType = sourcecode.swift; path = AppDelegate.swift; sourceTree = "<group>"; };
		6B1509F92E2A17E70091BF50 /* Assets.xcassets */ = {isa = PBXFileReference; lastKnownFileType = folder.assetcatalog; path = Assets.xcassets; sourceTree = "<group>"; };
		6B1509FA2E2A17E70091BF50 /* LCPermissionManagerDemo.entitlements */ = {isa = PBXFileReference; lastKnownFileType = text.plist.entitlements; path = LCPermissionManagerDemo.entitlements; sourceTree = "<group>"; };
		6B1509FB2E2A17E70091BF50 /* Base */ = {isa = PBXFileReference; lastKnownFileType = file.storyboard; name = Base; path = Base.lproj/Main.storyboard; sourceTree = "<group>"; };
		6B1509FD2E2A17E70091BF50 /* ViewController.swift */ = {isa = PBXFileReference; lastKnownFileType = sourcecode.swift; path = ViewController.swift; sourceTree = "<group>"; };
		6B150A032E2A17F40091BF50 /* LCPermissionManager.bundle */ = {isa = PBXFileReference; lastKnownFileType = "wrapper.plug-in"; path = LCPermissionManager.bundle; sourceTree = "<group>"; };
		6B150A042E2A17F40091BF50 /* de */ = {isa = PBXFileReference; lastKnownFileType = text.plist.strings; name = de; path = de.lproj/LCPermissionManager.strings; sourceTree = "<group>"; };
		6B150A052E2A17F40091BF50 /* en */ = {isa = PBXFileReference; lastKnownFileType = text.plist.strings; name = en; path = en.lproj/LCPermissionManager.strings; sourceTree = "<group>"; };
		6B150A062E2A17F40091BF50 /* es */ = {isa = PBXFileReference; lastKnownFileType = text.plist.strings; name = es; path = es.lproj/LCPermissionManager.strings; sourceTree = "<group>"; };
		6B150A072E2A17F40091BF50 /* fr */ = {isa = PBXFileReference; lastKnownFileType = text.plist.strings; name = fr; path = fr.lproj/LCPermissionManager.strings; sourceTree = "<group>"; };
		6B150A082E2A17F40091BF50 /* ja */ = {isa = PBXFileReference; lastKnownFileType = text.plist.strings; name = ja; path = ja.lproj/LCPermissionManager.strings; sourceTree = "<group>"; };
		6B150A092E2A17F40091BF50 /* ko */ = {isa = PBXFileReference; lastKnownFileType = text.plist.strings; name = ko; path = ko.lproj/LCPermissionManager.strings; sourceTree = "<group>"; };
		6B150A0A2E2A17F40091BF50 /* pt */ = {isa = PBXFileReference; lastKnownFileType = text.plist.strings; name = pt; path = pt.lproj/LCPermissionManager.strings; sourceTree = "<group>"; };
		6B150A0B2E2A17F40091BF50 /* zh-Hans */ = {isa = PBXFileReference; lastKnownFileType = text.plist.strings; name = "zh-Hans"; path = "zh-Hans.lproj/LCPermissionManager.strings"; sourceTree = "<group>"; };
		6B150A0C2E2A17F40091BF50 /* zh-Hant */ = {isa = PBXFileReference; lastKnownFileType = text.plist.strings; name = "zh-Hant"; path = "zh-Hant.lproj/LCPermissionManager.strings"; sourceTree = "<group>"; };
		6B150A0F2E2A17F40091BF50 /* LCPermissionItem.swift */ = {isa = PBXFileReference; lastKnownFileType = sourcecode.swift; path = LCPermissionItem.swift; sourceTree = "<group>"; };
		6B150A102E2A17F40091BF50 /* LCPermissionManager.swift */ = {isa = PBXFileReference; lastKnownFileType = sourcecode.swift; path = LCPermissionManager.swift; sourceTree = "<group>"; };
		6B150A112E2A17F40091BF50 /* LCPermissionModel.swift */ = {isa = PBXFileReference; lastKnownFileType = sourcecode.swift; path = LCPermissionModel.swift; sourceTree = "<group>"; };
		6B150A122E2A17F40091BF50 /* LCPermissionViewController.swift */ = {isa = PBXFileReference; lastKnownFileType = sourcecode.swift; path = LCPermissionViewController.swift; sourceTree = "<group>"; };
		6B150A132E2A17F40091BF50 /* LCPermissionWindowController.swift */ = {isa = PBXFileReference; lastKnownFileType = sourcecode.swift; path = LCPermissionWindowController.swift; sourceTree = "<group>"; };
/* End PBXFileReference section */

/* Begin PBXFrameworksBuildPhase section */
		6B1509BF2E2A17890091BF50 /* Frameworks */ = {
			isa = PBXFrameworksBuildPhase;
			buildActionMask = 2147483647;
			files = (
			);
			runOnlyForDeploymentPostprocessing = 0;
		};
/* End PBXFrameworksBuildPhase section */

/* Begin PBXGroup section */
		6B1509B92E2A17890091BF50 = {
			isa = PBXGroup;
			children = (
				6B1509FE2E2A17E70091BF50 /* LCPermissionManagerDemo */,
				6B1509C32E2A17890091BF50 /* Products */,
			);
			sourceTree = "<group>";
		};
		6B1509C32E2A17890091BF50 /* Products */ = {
			isa = PBXGroup;
			children = (
				6B1509C22E2A17890091BF50 /* LCPermissionManagerDemo.app */,
			);
			name = Products;
			sourceTree = "<group>";
		};
		6B1509FE2E2A17E70091BF50 /* LCPermissionManagerDemo */ = {
			isa = PBXGroup;
			children = (
				6B1509F82E2A17E70091BF50 /* AppDelegate.swift */,
				6B1509F92E2A17E70091BF50 /* Assets.xcassets */,
				6B1509FA2E2A17E70091BF50 /* LCPermissionManagerDemo.entitlements */,
				6B1509FD2E2A17E70091BF50 /* ViewController.swift */,
				6B1509FC2E2A17E70091BF50 /* Main.storyboard */,
				6B150A152E2A17F40091BF50 /* Sources */,
			);
			path = LCPermissionManagerDemo;
			sourceTree = "<group>";
		};
		6B150A0E2E2A17F40091BF50 /* Resources */ = {
			isa = PBXGroup;
			children = (
				6B150A032E2A17F40091BF50 /* LCPermissionManager.bundle */,
				6B150A0D2E2A17F40091BF50 /* LCPermissionManager.strings */,
			);
			path = Resources;
			sourceTree = "<group>";
		};
		6B150A142E2A17F40091BF50 /* LCPermissionManager */ = {
			isa = PBXGroup;
			children = (
				6B150A0E2E2A17F40091BF50 /* Resources */,
				6B150A0F2E2A17F40091BF50 /* LCPermissionItem.swift */,
				6B150A102E2A17F40091BF50 /* LCPermissionManager.swift */,
				6B150A112E2A17F40091BF50 /* LCPermissionModel.swift */,
				6B150A122E2A17F40091BF50 /* LCPermissionViewController.swift */,
				6B150A132E2A17F40091BF50 /* LCPermissionWindowController.swift */,
			);
			path = LCPermissionManager;
			sourceTree = "<group>";
		};
		6B150A152E2A17F40091BF50 /* Sources */ = {
			isa = PBXGroup;
			children = (
				6B150A142E2A17F40091BF50 /* LCPermissionManager */,
			);
			name = Sources;
			path = /Users/liuchuan/Documents/GitHub/LCPermissionManager/Sources;
			sourceTree = "<absolute>";
		};
/* End PBXGroup section */

/* Begin PBXNativeTarget section */
		6B1509C12E2A17890091BF50 /* LCPermissionManagerDemo */ = {
			isa = PBXNativeTarget;
			buildConfigurationList = 6B1509D12E2A178A0091BF50 /* Build configuration list for PBXNativeTarget "LCPermissionManagerDemo" */;
			buildPhases = (
				6B1509BE2E2A17890091BF50 /* Sources */,
				6B1509BF2E2A17890091BF50 /* Frameworks */,
				6B1509C02E2A17890091BF50 /* Resources */,
			);
			buildRules = (
			);
			dependencies = (
			);
			name = LCPermissionManagerDemo;
			packageProductDependencies = (
			);
			productName = LCPermissionManagerDemo;
			productReference = 6B1509C22E2A17890091BF50 /* LCPermissionManagerDemo.app */;
			productType = "com.apple.product-type.application";
		};
/* End PBXNativeTarget section */

/* Begin PBXProject section */
		6B1509BA2E2A17890091BF50 /* Project object */ = {
			isa = PBXProject;
			attributes = {
				BuildIndependentTargetsInParallel = 1;
				LastSwiftUpdateCheck = 1620;
				LastUpgradeCheck = 1620;
				TargetAttributes = {
					6B1509C12E2A17890091BF50 = {
						CreatedOnToolsVersion = 16.2;
					};
				};
			};
			buildConfigurationList = 6B1509BD2E2A17890091BF50 /* Build configuration list for PBXProject "LCPermissionManagerDemo" */;
			developmentRegion = en;
			hasScannedForEncodings = 0;
			knownRegions = (
				en,
				Base,
				de,
				"zh-Hans",
				ja,
				es,
				ko,
				"zh-Hant",
				fr,
				pt,
			);
			mainGroup = 6B1509B92E2A17890091BF50;
			minimizedProjectReferenceProxies = 1;
			preferredProjectObjectVersion = 77;
			productRefGroup = 6B1509C32E2A17890091BF50 /* Products */;
			projectDirPath = "";
			projectRoot = "";
			targets = (
				6B1509C12E2A17890091BF50 /* LCPermissionManagerDemo */,
			);
		};
/* End PBXProject section */

/* Begin PBXResourcesBuildPhase section */
		6B1509C02E2A17890091BF50 /* Resources */ = {
			isa = PBXResourcesBuildPhase;
			buildActionMask = 2147483647;
			files = (
				6B1509FF2E2A17E70091BF50 /* Assets.xcassets in Resources */,
				6B150A002E2A17E70091BF50 /* Main.storyboard in Resources */,
				6B150A162E2A17F40091BF50 /* LCPermissionManager.bundle in Resources */,
				6B150A172E2A17F40091BF50 /* LCPermissionManager.strings in Resources */,
			);
			runOnlyForDeploymentPostprocessing = 0;
		};
/* End PBXResourcesBuildPhase section */

/* Begin PBXSourcesBuildPhase section */
		6B1509BE2E2A17890091BF50 /* Sources */ = {
			isa = PBXSourcesBuildPhase;
			buildActionMask = 2147483647;
			files = (
				6B150A182E2A17F40091BF50 /* LCPermissionModel.swift in Sources */,
				6B150A192E2A17F40091BF50 /* LCPermissionItem.swift in Sources */,
				6B150A1A2E2A17F40091BF50 /* LCPermissionWindowController.swift in Sources */,
				6B150A1B2E2A17F40091BF50 /* LCPermissionViewController.swift in Sources */,
				6B150A1C2E2A17F40091BF50 /* LCPermissionManager.swift in Sources */,
				6B150A012E2A17E70091BF50 /* AppDelegate.swift in Sources */,
				6B150A022E2A17E70091BF50 /* ViewController.swift in Sources */,
			);
			runOnlyForDeploymentPostprocessing = 0;
		};
/* End PBXSourcesBuildPhase section */

/* Begin PBXVariantGroup section */
		6B1509FC2E2A17E70091BF50 /* Main.storyboard */ = {
			isa = PBXVariantGroup;
			children = (
				6B1509FB2E2A17E70091BF50 /* Base */,
			);
			name = Main.storyboard;
			sourceTree = "<group>";
		};
		6B150A0D2E2A17F40091BF50 /* LCPermissionManager.strings */ = {
			isa = PBXVariantGroup;
			children = (
				6B150A042E2A17F40091BF50 /* de */,
				6B150A052E2A17F40091BF50 /* en */,
				6B150A062E2A17F40091BF50 /* es */,
				6B150A072E2A17F40091BF50 /* fr */,
				6B150A082E2A17F40091BF50 /* ja */,
				6B150A092E2A17F40091BF50 /* ko */,
				6B150A0A2E2A17F40091BF50 /* pt */,
				6B150A0B2E2A17F40091BF50 /* zh-Hans */,
				6B150A0C2E2A17F40091BF50 /* zh-Hant */,
			);
			name = LCPermissionManager.strings;
			sourceTree = "<group>";
		};
/* End PBXVariantGroup section */

/* Begin XCBuildConfiguration section */
		6B1509CF2E2A178A0091BF50 /* Debug */ = {
			isa = XCBuildConfiguration;
			buildSettings = {
				ALWAYS_SEARCH_USER_PATHS = NO;
				ASSETCATALOG_COMPILER_GENERATE_SWIFT_ASSET_SYMBOL_EXTENSIONS = YES;
				CLANG_ANALYZER_NONNULL = YES;
				CLANG_ANALYZER_NUMBER_OBJECT_CONVERSION = YES_AGGRESSIVE;
				CLANG_CXX_LANGUAGE_STANDARD = "gnu++20";
				CLANG_ENABLE_MODULES = YES;
				CLANG_ENABLE_OBJC_ARC = YES;
				CLANG_ENABLE_OBJC_WEAK = YES;
				CLANG_WARN_BLOCK_CAPTURE_AUTORELEASING = YES;
				CLANG_WARN_BOOL_CONVERSION = YES;
				CLANG_WARN_COMMA = YES;
				CLANG_WARN_CONSTANT_CONVERSION = YES;
				CLANG_WARN_DEPRECATED_OBJC_IMPLEMENTATIONS = YES;
				CLANG_WARN_DIRECT_OBJC_ISA_USAGE = YES_ERROR;
				CLANG_WARN_DOCUMENTATION_COMMENTS = YES;
				CLANG_WARN_EMPTY_BODY = YES;
				CLANG_WARN_ENUM_CONVERSION = YES;
				CLANG_WARN_INFINITE_RECURSION = YES;
				CLANG_WARN_INT_CONVERSION = YES;
				CLANG_WARN_NON_LITERAL_NULL_CONVERSION = YES;
				CLANG_WARN_OBJC_IMPLICIT_RETAIN_SELF = YES;
				CLANG_WARN_OBJC_LITERAL_CONVERSION = YES;
				CLANG_WARN_OBJC_ROOT_CLASS = YES_ERROR;
				CLANG_WARN_QUOTED_INCLUDE_IN_FRAMEWORK_HEADER = YES;
				CLANG_WARN_RANGE_LOOP_ANALYSIS = YES;
				CLANG_WARN_STRICT_PROTOTYPES = YES;
				CLANG_WARN_SUSPICIOUS_MOVE = YES;
				CLANG_WARN_UNGUARDED_AVAILABILITY = YES_AGGRESSIVE;
				CLANG_WARN_UNREACHABLE_CODE = YES;
				CLANG_WARN__DUPLICATE_METHOD_MATCH = YES;
				COPY_PHASE_STRIP = NO;
				DEBUG_INFORMATION_FORMAT = dwarf;
				ENABLE_STRICT_OBJC_MSGSEND = YES;
				ENABLE_TESTABILITY = YES;
				ENABLE_USER_SCRIPT_SANDBOXING = YES;
				GCC_C_LANGUAGE_STANDARD = gnu17;
				GCC_DYNAMIC_NO_PIC = NO;
				GCC_NO_COMMON_BLOCKS = YES;
				GCC_OPTIMIZATION_LEVEL = 0;
				GCC_PREPROCESSOR_DEFINITIONS = (
					"DEBUG=1",
					"$(inherited)",
				);
				GCC_WARN_64_TO_32_BIT_CONVERSION = YES;
				GCC_WARN_ABOUT_RETURN_TYPE = YES_ERROR;
				GCC_WARN_UNDECLARED_SELECTOR = YES;
				GCC_WARN_UNINITIALIZED_AUTOS = YES_AGGRESSIVE;
				GCC_WARN_UNUSED_FUNCTION = YES;
				GCC_WARN_UNUSED_VARIABLE = YES;
				LOCALIZATION_PREFERS_STRING_CATALOGS = YES;
				MACOSX_DEPLOYMENT_TARGET = 15.2;
				MTL_ENABLE_DEBUG_INFO = INCLUDE_SOURCE;
				MTL_FAST_MATH = YES;
				ONLY_ACTIVE_ARCH = YES;
				SDKROOT = macosx;
				SWIFT_ACTIVE_COMPILATION_CONDITIONS = "DEBUG $(inherited)";
				SWIFT_OPTIMIZATION_LEVEL = "-Onone";
			};
			name = Debug;
		};
		6B1509D02E2A178A0091BF50 /* Release */ = {
			isa = XCBuildConfiguration;
			buildSettings = {
				ALWAYS_SEARCH_USER_PATHS = NO;
				ASSETCATALOG_COMPILER_GENERATE_SWIFT_ASSET_SYMBOL_EXTENSIONS = YES;
				CLANG_ANALYZER_NONNULL = YES;
				CLANG_ANALYZER_NUMBER_OBJECT_CONVERSION = YES_AGGRESSIVE;
				CLANG_CXX_LANGUAGE_STANDARD = "gnu++20";
				CLANG_ENABLE_MODULES = YES;
				CLANG_ENABLE_OBJC_ARC = YES;
				CLANG_ENABLE_OBJC_WEAK = YES;
				CLANG_WARN_BLOCK_CAPTURE_AUTORELEASING = YES;
				CLANG_WARN_BOOL_CONVERSION = YES;
				CLANG_WARN_COMMA = YES;
				CLANG_WARN_CONSTANT_CONVERSION = YES;
				CLANG_WARN_DEPRECATED_OBJC_IMPLEMENTATIONS = YES;
				CLANG_WARN_DIRECT_OBJC_ISA_USAGE = YES_ERROR;
				CLANG_WARN_DOCUMENTATION_COMMENTS = YES;
				CLANG_WARN_EMPTY_BODY = YES;
				CLANG_WARN_ENUM_CONVERSION = YES;
				CLANG_WARN_INFINITE_RECURSION = YES;
				CLANG_WARN_INT_CONVERSION = YES;
				CLANG_WARN_NON_LITERAL_NULL_CONVERSION = YES;
				CLANG_WARN_OBJC_IMPLICIT_RETAIN_SELF = YES;
				CLANG_WARN_OBJC_LITERAL_CONVERSION = YES;
				CLANG_WARN_OBJC_ROOT_CLASS = YES_ERROR;
				CLANG_WARN_QUOTED_INCLUDE_IN_FRAMEWORK_HEADER = YES;
				CLANG_WARN_RANGE_LOOP_ANALYSIS = YES;
				CLANG_WARN_STRICT_PROTOTYPES = YES;
				CLANG_WARN_SUSPICIOUS_MOVE = YES;
				CLANG_WARN_UNGUARDED_AVAILABILITY = YES_AGGRESSIVE;
				CLANG_WARN_UNREACHABLE_CODE = YES;
				CLANG_WARN__DUPLICATE_METHOD_MATCH = YES;
				COPY_PHASE_STRIP = NO;
				DEBUG_INFORMATION_FORMAT = "dwarf-with-dsym";
				ENABLE_NS_ASSERTIONS = NO;
				ENABLE_STRICT_OBJC_MSGSEND = YES;
				ENABLE_USER_SCRIPT_SANDBOXING = YES;
				GCC_C_LANGUAGE_STANDARD = gnu17;
				GCC_NO_COMMON_BLOCKS = YES;
				GCC_WARN_64_TO_32_BIT_CONVERSION = YES;
				GCC_WARN_ABOUT_RETURN_TYPE = YES_ERROR;
				GCC_WARN_UNDECLARED_SELECTOR = YES;
				GCC_WARN_UNINITIALIZED_AUTOS = YES_AGGRESSIVE;
				GCC_WARN_UNUSED_FUNCTION = YES;
				GCC_WARN_UNUSED_VARIABLE = YES;
				LOCALIZATION_PREFERS_STRING_CATALOGS = YES;
				MACOSX_DEPLOYMENT_TARGET = 15.2;
				MTL_ENABLE_DEBUG_INFO = NO;
				MTL_FAST_MATH = YES;
				SDKROOT = macosx;
				SWIFT_COMPILATION_MODE = wholemodule;
			};
			name = Release;
		};
		6B1509D22E2A178A0091BF50 /* Debug */ = {
			isa = XCBuildConfiguration;
			buildSettings = {
				ASSETCATALOG_COMPILER_APPICON_NAME = AppIcon;
				ASSETCATALOG_COMPILER_GLOBAL_ACCENT_COLOR_NAME = AccentColor;
				CODE_SIGN_ENTITLEMENTS = LCPermissionManagerDemo/LCPermissionManagerDemo.entitlements;
				CODE_SIGN_STYLE = Automatic;
				COMBINE_HIDPI_IMAGES = YES;
				CURRENT_PROJECT_VERSION = 1;
				GENERATE_INFOPLIST_FILE = YES;
				INFOPLIST_KEY_NSHumanReadableCopyright = "";
				INFOPLIST_KEY_NSMainStoryboardFile = Main;
				INFOPLIST_KEY_NSPrincipalClass = NSApplication;
				LD_RUNPATH_SEARCH_PATHS = (
					"$(inherited)",
					"@executable_path/../Frameworks",
				);
				MACOSX_DEPLOYMENT_TARGET = 10.15;
				MARKETING_VERSION = 1.0;
				PRODUCT_BUNDLE_IDENTIFIER = www.devliusir.com.LCPermissionManagerDemo;
				PRODUCT_NAME = "$(TARGET_NAME)";
				SWIFT_EMIT_LOC_STRINGS = YES;
				SWIFT_VERSION = 5.0;
			};
			name = Debug;
		};
		6B1509D32E2A178A0091BF50 /* Release */ = {
			isa = XCBuildConfiguration;
			buildSettings = {
				ASSETCATALOG_COMPILER_APPICON_NAME = AppIcon;
				ASSETCATALOG_COMPILER_GLOBAL_ACCENT_COLOR_NAME = AccentColor;
				CODE_SIGN_ENTITLEMENTS = LCPermissionManagerDemo/LCPermissionManagerDemo.entitlements;
				CODE_SIGN_STYLE = Automatic;
				COMBINE_HIDPI_IMAGES = YES;
				CURRENT_PROJECT_VERSION = 1;
				GENERATE_INFOPLIST_FILE = YES;
				INFOPLIST_KEY_NSHumanReadableCopyright = "";
				INFOPLIST_KEY_NSMainStoryboardFile = Main;
				INFOPLIST_KEY_NSPrincipalClass = NSApplication;
				LD_RUNPATH_SEARCH_PATHS = (
					"$(inherited)",
					"@executable_path/../Frameworks",
				);
				MACOSX_DEPLOYMENT_TARGET = 10.15;
				MARKETING_VERSION = 1.0;
				PRODUCT_BUNDLE_IDENTIFIER = www.devliusir.com.LCPermissionManagerDemo;
				PRODUCT_NAME = "$(TARGET_NAME)";
				SWIFT_EMIT_LOC_STRINGS = YES;
				SWIFT_VERSION = 5.0;
			};
			name = Release;
		};
/* End XCBuildConfiguration section */

/* Begin XCConfigurationList section */
		6B1509BD2E2A17890091BF50 /* Build configuration list for PBXProject "LCPermissionManagerDemo" */ = {
			isa = XCConfigurationList;
			buildConfigurations = (
				6B1509CF2E2A178A0091BF50 /* Debug */,
				6B1509D02E2A178A0091BF50 /* Release */,
			);
			defaultConfigurationIsVisible = 0;
			defaultConfigurationName = Release;
		};
		6B1509D12E2A178A0091BF50 /* Build configuration list for PBXNativeTarget "LCPermissionManagerDemo" */ = {
			isa = XCConfigurationList;
			buildConfigurations = (
				6B1509D22E2A178A0091BF50 /* Debug */,
				6B1509D32E2A178A0091BF50 /* Release */,
			);
			defaultConfigurationIsVisible = 0;
			defaultConfigurationName = Release;
		};
/* End XCConfigurationList section */
	};
	rootObject = 6B1509BA2E2A17890091BF50 /* Project object */;
}
